# THIS IS AN AUTOGENERATED FILE. DO NOT EDIT THIS FILE DIRECTLY.
# yarn lockfile v1


browsersync@^0.0.1-security:
  version "0.0.1-security"
  resolved "https://registry.yarnpkg.com/browsersync/-/browsersync-0.0.1-security.tgz#e885fe4354d2ec5a565c38c4c2bf0a012ad64860"
  integrity sha512-wjzQ8ovoNf6afqXLqAbpfa81XkG0U46G1YMi6xa1mnQ844/zz7bp4qnuMO/cL0WIunsC7i8sh/7CpzADM5gCBg==
